
Microsoft Visual Studio Solution File, Format Version 12.00
# Visual Studio 14
VisualStudioVersion = 14.0.25420.1
MinimumVisualStudioVersion = 10.0.40219.1
Project("{FAE04EC0-301F-11D3-BF4B-00C04F79EFBC}") = "WcfService", "WcfService\WcfService.csproj", "{E3389C0E-96CE-415D-86E8-651557C733C3}"
EndProject
Project("{FAE04EC0-301F-11D3-BF4B-00C04F79EFBC}") = "WcfDemo", "WcfDemo\WcfDemo.csproj", "{5197576D-E24D-4B69-87DD-E2ACA0E790EE}"
EndProject
Project("{FAE04EC0-301F-11D3-BF4B-00C04F79EFBC}") = "ServiceHost", "ServiceHost\ServiceHost.csproj", "{2626CAA7-1D78-4450-A349-F649674C3E02}"
EndProject
Project("{FAE04EC0-301F-11D3-BF4B-00C04F79EFBC}") = "Client", "Client\Client.csproj", "{177F966C-15B4-4B9E-80F9-1CE2C9E99A42}"
EndProject
Project("{FAE04EC0-301F-11D3-BF4B-00C04F79EFBC}") = "ASP.NetDemo", "ASP.NetDemo\ASP.NetDemo.csproj", "{07131D1A-B9BE-48A7-8F98-9FC8BB831878}"
EndProject
Project("{E24C65DC-7377-472B-9ABA-BC803B73C61A}") = "WebSiteDemo", "WebSiteDemo\", "{EB32A2C6-9C9D-4717-B113-D05A3851E1AC}"
	ProjectSection(WebsiteProperties) = preProject
		TargetFrameworkMoniker = ".NETFramework,Version%3Dv4.5.2"
		Debug.AspNetCompiler.VirtualPath = "/localhost_54333"
		Debug.AspNetCompiler.PhysicalPath = "WebSiteDemo\"
		Debug.AspNetCompiler.TargetPath = "PrecompiledWeb\localhost_54333\"
		Debug.AspNetCompiler.Updateable = "true"
		Debug.AspNetCompiler.ForceOverwrite = "true"
		Debug.AspNetCompiler.FixedNames = "false"
		Debug.AspNetCompiler.Debug = "True"
		Release.AspNetCompiler.VirtualPath = "/localhost_54333"
		Release.AspNetCompiler.PhysicalPath = "WebSiteDemo\"
		Release.AspNetCompiler.TargetPath = "PrecompiledWeb\localhost_54333\"
		Release.AspNetCompiler.Updateable = "true"
		Release.AspNetCompiler.ForceOverwrite = "true"
		Release.AspNetCompiler.FixedNames = "false"
		Release.AspNetCompiler.Debug = "False"
		VWDPort = "54333"
		SlnRelativePath = "WebSiteDemo\"
		DefaultWebSiteLanguage = "Visual C#"
	EndProjectSection
EndProject
Project("{FAE04EC0-301F-11D3-BF4B-00C04F79EFBC}") = "Page", "Page\Page.csproj", "{ACCC022A-F2AB-4EF8-8687-AAB48FA666F5}"
EndProject
Project("{FAE04EC0-301F-11D3-BF4B-00C04F79EFBC}") = "WebService", "WebService\WebService.csproj", "{0C0F716F-CCB3-4673-B89F-93C5CCEE0ABB}"
EndProject
Project("{FAE04EC0-301F-11D3-BF4B-00C04F79EFBC}") = "MVC", "MVC\MVC.csproj", "{A31A7A60-AA32-4D14-813E-2BEBA482B039}"
EndProject
Project("{FAE04EC0-301F-11D3-BF4B-00C04F79EFBC}") = "MVCDemo", "MVCDemo\MVCDemo.csproj", "{1CC36BDF-F441-400F-AA48-C49C63260AC3}"
EndProject
Project("{FAE04EC0-301F-11D3-BF4B-00C04F79EFBC}") = "EF", "EF\EF.csproj", "{AA296B07-C47F-4AE5-BCA1-7D2CEEA136C2}"
EndProject
Global
	GlobalSection(SolutionConfigurationPlatforms) = preSolution
		Debug|Any CPU = Debug|Any CPU
		Release|Any CPU = Release|Any CPU
	EndGlobalSection
	GlobalSection(ProjectConfigurationPlatforms) = postSolution
		{E3389C0E-96CE-415D-86E8-651557C733C3}.Debug|Any CPU.ActiveCfg = Debug|Any CPU
		{E3389C0E-96CE-415D-86E8-651557C733C3}.Debug|Any CPU.Build.0 = Debug|Any CPU
		{E3389C0E-96CE-415D-86E8-651557C733C3}.Release|Any CPU.ActiveCfg = Release|Any CPU
		{E3389C0E-96CE-415D-86E8-651557C733C3}.Release|Any CPU.Build.0 = Release|Any CPU
		{5197576D-E24D-4B69-87DD-E2ACA0E790EE}.Debug|Any CPU.ActiveCfg = Debug|Any CPU
		{5197576D-E24D-4B69-87DD-E2ACA0E790EE}.Debug|Any CPU.Build.0 = Debug|Any CPU
		{5197576D-E24D-4B69-87DD-E2ACA0E790EE}.Release|Any CPU.ActiveCfg = Release|Any CPU
		{5197576D-E24D-4B69-87DD-E2ACA0E790EE}.Release|Any CPU.Build.0 = Release|Any CPU
		{2626CAA7-1D78-4450-A349-F649674C3E02}.Debug|Any CPU.ActiveCfg = Debug|Any CPU
		{2626CAA7-1D78-4450-A349-F649674C3E02}.Debug|Any CPU.Build.0 = Debug|Any CPU
		{2626CAA7-1D78-4450-A349-F649674C3E02}.Release|Any CPU.ActiveCfg = Release|Any CPU
		{2626CAA7-1D78-4450-A349-F649674C3E02}.Release|Any CPU.Build.0 = Release|Any CPU
		{177F966C-15B4-4B9E-80F9-1CE2C9E99A42}.Debug|Any CPU.ActiveCfg = Debug|Any CPU
		{177F966C-15B4-4B9E-80F9-1CE2C9E99A42}.Debug|Any CPU.Build.0 = Debug|Any CPU
		{177F966C-15B4-4B9E-80F9-1CE2C9E99A42}.Release|Any CPU.ActiveCfg = Release|Any CPU
		{177F966C-15B4-4B9E-80F9-1CE2C9E99A42}.Release|Any CPU.Build.0 = Release|Any CPU
		{07131D1A-B9BE-48A7-8F98-9FC8BB831878}.Debug|Any CPU.ActiveCfg = Debug|Any CPU
		{07131D1A-B9BE-48A7-8F98-9FC8BB831878}.Debug|Any CPU.Build.0 = Debug|Any CPU
		{07131D1A-B9BE-48A7-8F98-9FC8BB831878}.Release|Any CPU.ActiveCfg = Release|Any CPU
		{07131D1A-B9BE-48A7-8F98-9FC8BB831878}.Release|Any CPU.Build.0 = Release|Any CPU
		{EB32A2C6-9C9D-4717-B113-D05A3851E1AC}.Debug|Any CPU.ActiveCfg = Debug|Any CPU
		{EB32A2C6-9C9D-4717-B113-D05A3851E1AC}.Debug|Any CPU.Build.0 = Debug|Any CPU
		{EB32A2C6-9C9D-4717-B113-D05A3851E1AC}.Release|Any CPU.ActiveCfg = Debug|Any CPU
		{EB32A2C6-9C9D-4717-B113-D05A3851E1AC}.Release|Any CPU.Build.0 = Debug|Any CPU
		{ACCC022A-F2AB-4EF8-8687-AAB48FA666F5}.Debug|Any CPU.ActiveCfg = Debug|Any CPU
		{ACCC022A-F2AB-4EF8-8687-AAB48FA666F5}.Debug|Any CPU.Build.0 = Debug|Any CPU
		{ACCC022A-F2AB-4EF8-8687-AAB48FA666F5}.Release|Any CPU.ActiveCfg = Release|Any CPU
		{ACCC022A-F2AB-4EF8-8687-AAB48FA666F5}.Release|Any CPU.Build.0 = Release|Any CPU
		{0C0F716F-CCB3-4673-B89F-93C5CCEE0ABB}.Debug|Any CPU.ActiveCfg = Debug|Any CPU
		{0C0F716F-CCB3-4673-B89F-93C5CCEE0ABB}.Debug|Any CPU.Build.0 = Debug|Any CPU
		{0C0F716F-CCB3-4673-B89F-93C5CCEE0ABB}.Release|Any CPU.ActiveCfg = Release|Any CPU
		{0C0F716F-CCB3-4673-B89F-93C5CCEE0ABB}.Release|Any CPU.Build.0 = Release|Any CPU
		{A31A7A60-AA32-4D14-813E-2BEBA482B039}.Debug|Any CPU.ActiveCfg = Debug|Any CPU
		{A31A7A60-AA32-4D14-813E-2BEBA482B039}.Debug|Any CPU.Build.0 = Debug|Any CPU
		{A31A7A60-AA32-4D14-813E-2BEBA482B039}.Release|Any CPU.ActiveCfg = Release|Any CPU
		{A31A7A60-AA32-4D14-813E-2BEBA482B039}.Release|Any CPU.Build.0 = Release|Any CPU
		{1CC36BDF-F441-400F-AA48-C49C63260AC3}.Debug|Any CPU.ActiveCfg = Debug|Any CPU
		{1CC36BDF-F441-400F-AA48-C49C63260AC3}.Debug|Any CPU.Build.0 = Debug|Any CPU
		{1CC36BDF-F441-400F-AA48-C49C63260AC3}.Release|Any CPU.ActiveCfg = Release|Any CPU
		{1CC36BDF-F441-400F-AA48-C49C63260AC3}.Release|Any CPU.Build.0 = Release|Any CPU
		{AA296B07-C47F-4AE5-BCA1-7D2CEEA136C2}.Debug|Any CPU.ActiveCfg = Debug|Any CPU
		{AA296B07-C47F-4AE5-BCA1-7D2CEEA136C2}.Debug|Any CPU.Build.0 = Debug|Any CPU
		{AA296B07-C47F-4AE5-BCA1-7D2CEEA136C2}.Release|Any CPU.ActiveCfg = Release|Any CPU
		{AA296B07-C47F-4AE5-BCA1-7D2CEEA136C2}.Release|Any CPU.Build.0 = Release|Any CPU
	EndGlobalSection
	GlobalSection(SolutionProperties) = preSolution
		HideSolutionNode = FALSE
	EndGlobalSection
EndGlobal
